
Microsoft Visual Studio Solution File, Format Version 12.00
# Visual Studio Version 17
VisualStudioVersion = 17.5.33502.453
MinimumVisualStudioVersion = 10.0.40219.1
Project("{FAE04EC0-301F-11D3-BF4B-00C04F79EFBC}") = "BankWebsite", "BankWebsite.csproj", "{E3F36A46-55D4-40D7-87E6-F3D187FF304B}"
EndProject
Global
	GlobalSection(SolutionConfigurationPlatforms) = preSolution
		Debug|Any CPU = Debug|Any CPU
		Release|Any CPU = Release|Any CPU
	EndGlobalSection
	GlobalSection(ProjectConfigurationPlatforms) = postSolution
		{E3F36A46-55D4-40D7-87E6-F3D187FF304B}.Debug|Any CPU.ActiveCfg = Debug|Any CPU
		{E3F36A46-55D4-40D7-87E6-F3D187FF304B}.Debug|Any CPU.Build.0 = Debug|Any CPU
		{E3F36A46-55D4-40D7-87E6-F3D187FF304B}.Release|Any CPU.ActiveCfg = Release|Any CPU
		{E3F36A46-55D4-40D7-87E6-F3D187FF304B}.Release|Any CPU.Build.0 = Release|Any CPU
	EndGlobalSection
	GlobalSection(SolutionProperties) = preSolution
		HideSolutionNode = FALSE
	EndGlobalSection
	GlobalSection(ExtensibilityGlobals) = postSolution
		SolutionGuid = {DFCB3E8C-0211-426C-8388-D9F7C3CC96B3}
	EndGlobalSection
EndGlobal
